
Microsoft Visual Studio Solution File, Format Version 12.00
# Visual Studio Version 17
VisualStudioVersion = 17.9.34518.117
MinimumVisualStudioVersion = 10.0.40219.1
Project("{FAE04EC0-301F-11D3-BF4B-00C04F79EFBC}") = "NamPhat.Web", "NamPhat.Web\NamPhat.Web.csproj", "{6AE77CF1-E111-4C2A-AF22-4595E74B1B33}"
EndProject
Global
	GlobalSection(SolutionConfigurationPlatforms) = preSolution
		Debug|Any CPU = Debug|Any CPU
		Release|Any CPU = Release|Any CPU
	EndGlobalSection
	GlobalSection(ProjectConfigurationPlatforms) = postSolution
		{6AE77CF1-E111-4C2A-AF22-4595E74B1B33}.Debug|Any CPU.ActiveCfg = Debug|Any CPU
		{6AE77CF1-E111-4C2A-AF22-4595E74B1B33}.Debug|Any CPU.Build.0 = Debug|Any CPU
		{6AE77CF1-E111-4C2A-AF22-4595E74B1B33}.Release|Any CPU.ActiveCfg = Release|Any CPU
		{6AE77CF1-E111-4C2A-AF22-4595E74B1B33}.Release|Any CPU.Build.0 = Release|Any CPU
	EndGlobalSection
	GlobalSection(SolutionProperties) = preSolution
		HideSolutionNode = FALSE
	EndGlobalSection
	GlobalSection(ExtensibilityGlobals) = postSolution
		SolutionGuid = {A3934C0D-EC66-41F1-8B57-8200EE33444E}
	EndGlobalSection
EndGlobal
